
Microsoft Visual Studio Solution File, Format Version 12.00
# Visual Studio Version 17
VisualStudioVersion = 17.14.36414.22 d17.14
MinimumVisualStudioVersion = 10.0.40219.1
Project("{FAE04EC0-301F-11D3-BF4B-00C04F79EFBC}") = "TalentManagement.Domain", "TalentManagement.Domain\TalentManagement.Domain.csproj", "{19BF2AEF-E827-44B8-8E1A-42BC07C936E7}"
EndProject
Project("{FAE04EC0-301F-11D3-BF4B-00C04F79EFBC}") = "TalentManagement.Infrastructure", "..\TalentManagement.Infrastructure\TalentManagement.Infrastructure.csproj", "{AA918E4C-2BF8-4656-9F94-A7D898532EA7}"
EndProject
Project("{FAE04EC0-301F-11D3-BF4B-00C04F79EFBC}") = "TalentManagement.API", "..\TalentManagement.API\TalentManagement.API.csproj", "{D13E699E-E730-4E05-B737-4C0960F5176E}"
EndProject
Project("{FAE04EC0-301F-11D3-BF4B-00C04F79EFBC}") = "TalentManagement.Application", "..\TalentManagement.Application\TalentManagement.Application.csproj", "{1BD3A39D-BB61-4280-9C5A-7EA5E6069195}"
EndProject
Global
	GlobalSection(SolutionConfigurationPlatforms) = preSolution
		Debug|Any CPU = Debug|Any CPU
		Release|Any CPU = Release|Any CPU
	EndGlobalSection
	GlobalSection(ProjectConfigurationPlatforms) = postSolution
		{19BF2AEF-E827-44B8-8E1A-42BC07C936E7}.Debug|Any CPU.ActiveCfg = Debug|Any CPU
		{19BF2AEF-E827-44B8-8E1A-42BC07C936E7}.Debug|Any CPU.Build.0 = Debug|Any CPU
		{19BF2AEF-E827-44B8-8E1A-42BC07C936E7}.Release|Any CPU.ActiveCfg = Release|Any CPU
		{19BF2AEF-E827-44B8-8E1A-42BC07C936E7}.Release|Any CPU.Build.0 = Release|Any CPU
		{AA918E4C-2BF8-4656-9F94-A7D898532EA7}.Debug|Any CPU.ActiveCfg = Debug|Any CPU
		{AA918E4C-2BF8-4656-9F94-A7D898532EA7}.Debug|Any CPU.Build.0 = Debug|Any CPU
		{AA918E4C-2BF8-4656-9F94-A7D898532EA7}.Release|Any CPU.ActiveCfg = Release|Any CPU
		{AA918E4C-2BF8-4656-9F94-A7D898532EA7}.Release|Any CPU.Build.0 = Release|Any CPU
		{D13E699E-E730-4E05-B737-4C0960F5176E}.Debug|Any CPU.ActiveCfg = Debug|Any CPU
		{D13E699E-E730-4E05-B737-4C0960F5176E}.Debug|Any CPU.Build.0 = Debug|Any CPU
		{D13E699E-E730-4E05-B737-4C0960F5176E}.Release|Any CPU.ActiveCfg = Release|Any CPU
		{D13E699E-E730-4E05-B737-4C0960F5176E}.Release|Any CPU.Build.0 = Release|Any CPU
		{1BD3A39D-BB61-4280-9C5A-7EA5E6069195}.Debug|Any CPU.ActiveCfg = Debug|Any CPU
		{1BD3A39D-BB61-4280-9C5A-7EA5E6069195}.Debug|Any CPU.Build.0 = Debug|Any CPU
		{1BD3A39D-BB61-4280-9C5A-7EA5E6069195}.Release|Any CPU.ActiveCfg = Release|Any CPU
		{1BD3A39D-BB61-4280-9C5A-7EA5E6069195}.Release|Any CPU.Build.0 = Release|Any CPU
	EndGlobalSection
	GlobalSection(SolutionProperties) = preSolution
		HideSolutionNode = FALSE
	EndGlobalSection
	GlobalSection(ExtensibilityGlobals) = postSolution
		SolutionGuid = {6B7F66CD-A511-4BD1-B8F8-7A0D3DC7A3DF}
	EndGlobalSection
EndGlobal
